
Microsoft Visual Studio Solution File, Format Version 12.00
# Visual Studio 15
VisualStudioVersion = 15.0.26124.0
MinimumVisualStudioVersion = 15.0.26124.0
Project("{FAE04EC0-301F-11D3-BF4B-00C04F79EFBC}") = "ysc", "src\YarnSpinner.Console\ysc.csproj", "{68F4DF0A-D3B4-423B-AD0E-CAB6DF8BF99C}"
EndProject
Project("{2150E333-8FDC-42A3-9474-1A3956D46DE8}") = "test", "test", "{A9A2723E-47BA-4B59-B9B7-F71A66B7D6C5}"
EndProject
Project("{FAE04EC0-301F-11D3-BF4B-00C04F79EFBC}") = "YarnSpinner.Console.Test", "test\YarnSpinner.Console.Test\YarnSpinner.Console.Test.csproj", "{E099327D-98A9-48C7-9BB5-D40880CCCFF6}"
EndProject
Global
	GlobalSection(SolutionConfigurationPlatforms) = preSolution
		Debug|Any CPU = Debug|Any CPU
		Debug|x64 = Debug|x64
		Debug|x86 = Debug|x86
		Release|Any CPU = Release|Any CPU
		Release|x64 = Release|x64
		Release|x86 = Release|x86
	EndGlobalSection
	GlobalSection(SolutionProperties) = preSolution
		HideSolutionNode = FALSE
	EndGlobalSection
	GlobalSection(ProjectConfigurationPlatforms) = postSolution
		{68F4DF0A-D3B4-423B-AD0E-CAB6DF8BF99C}.Debug|Any CPU.ActiveCfg = Debug|Any CPU
		{68F4DF0A-D3B4-423B-AD0E-CAB6DF8BF99C}.Debug|Any CPU.Build.0 = Debug|Any CPU
		{68F4DF0A-D3B4-423B-AD0E-CAB6DF8BF99C}.Debug|x64.ActiveCfg = Debug|Any CPU
		{68F4DF0A-D3B4-423B-AD0E-CAB6DF8BF99C}.Debug|x64.Build.0 = Debug|Any CPU
		{68F4DF0A-D3B4-423B-AD0E-CAB6DF8BF99C}.Debug|x86.ActiveCfg = Debug|Any CPU
		{68F4DF0A-D3B4-423B-AD0E-CAB6DF8BF99C}.Debug|x86.Build.0 = Debug|Any CPU
		{68F4DF0A-D3B4-423B-AD0E-CAB6DF8BF99C}.Release|Any CPU.ActiveCfg = Release|Any CPU
		{68F4DF0A-D3B4-423B-AD0E-CAB6DF8BF99C}.Release|Any CPU.Build.0 = Release|Any CPU
		{68F4DF0A-D3B4-423B-AD0E-CAB6DF8BF99C}.Release|x64.ActiveCfg = Release|Any CPU
		{68F4DF0A-D3B4-423B-AD0E-CAB6DF8BF99C}.Release|x64.Build.0 = Release|Any CPU
		{68F4DF0A-D3B4-423B-AD0E-CAB6DF8BF99C}.Release|x86.ActiveCfg = Release|Any CPU
		{68F4DF0A-D3B4-423B-AD0E-CAB6DF8BF99C}.Release|x86.Build.0 = Release|Any CPU
		{9949F83C-61A0-4768-8E86-338B338656FF}.Debug|Any CPU.ActiveCfg = Debug|Any CPU
		{9949F83C-61A0-4768-8E86-338B338656FF}.Debug|Any CPU.Build.0 = Debug|Any CPU
		{9949F83C-61A0-4768-8E86-338B338656FF}.Debug|x64.ActiveCfg = Debug|Any CPU
		{9949F83C-61A0-4768-8E86-338B338656FF}.Debug|x64.Build.0 = Debug|Any CPU
		{9949F83C-61A0-4768-8E86-338B338656FF}.Debug|x86.ActiveCfg = Debug|Any CPU
		{9949F83C-61A0-4768-8E86-338B338656FF}.Debug|x86.Build.0 = Debug|Any CPU
		{9949F83C-61A0-4768-8E86-338B338656FF}.Release|Any CPU.ActiveCfg = Release|Any CPU
		{9949F83C-61A0-4768-8E86-338B338656FF}.Release|Any CPU.Build.0 = Release|Any CPU
		{9949F83C-61A0-4768-8E86-338B338656FF}.Release|x64.ActiveCfg = Release|Any CPU
		{9949F83C-61A0-4768-8E86-338B338656FF}.Release|x64.Build.0 = Release|Any CPU
		{9949F83C-61A0-4768-8E86-338B338656FF}.Release|x86.ActiveCfg = Release|Any CPU
		{9949F83C-61A0-4768-8E86-338B338656FF}.Release|x86.Build.0 = Release|Any CPU
		{E099327D-98A9-48C7-9BB5-D40880CCCFF6}.Debug|Any CPU.ActiveCfg = Debug|Any CPU
		{E099327D-98A9-48C7-9BB5-D40880CCCFF6}.Debug|Any CPU.Build.0 = Debug|Any CPU
		{E099327D-98A9-48C7-9BB5-D40880CCCFF6}.Debug|x64.ActiveCfg = Debug|Any CPU
		{E099327D-98A9-48C7-9BB5-D40880CCCFF6}.Debug|x64.Build.0 = Debug|Any CPU
		{E099327D-98A9-48C7-9BB5-D40880CCCFF6}.Debug|x86.ActiveCfg = Debug|Any CPU
		{E099327D-98A9-48C7-9BB5-D40880CCCFF6}.Debug|x86.Build.0 = Debug|Any CPU
		{E099327D-98A9-48C7-9BB5-D40880CCCFF6}.Release|Any CPU.ActiveCfg = Release|Any CPU
		{E099327D-98A9-48C7-9BB5-D40880CCCFF6}.Release|Any CPU.Build.0 = Release|Any CPU
		{E099327D-98A9-48C7-9BB5-D40880CCCFF6}.Release|x64.ActiveCfg = Release|Any CPU
		{E099327D-98A9-48C7-9BB5-D40880CCCFF6}.Release|x64.Build.0 = Release|Any CPU
		{E099327D-98A9-48C7-9BB5-D40880CCCFF6}.Release|x86.ActiveCfg = Release|Any CPU
		{E099327D-98A9-48C7-9BB5-D40880CCCFF6}.Release|x86.Build.0 = Release|Any CPU
	EndGlobalSection
	GlobalSection(NestedProjects) = preSolution
		{E099327D-98A9-48C7-9BB5-D40880CCCFF6} = {A9A2723E-47BA-4B59-B9B7-F71A66B7D6C5}
	EndGlobalSection
EndGlobal
